
Microsoft Visual Studio Solution File, Format Version 12.00
# Visual Studio Version 16
VisualStudioVersion = 16.0.31129.286
MinimumVisualStudioVersion = 10.0.40219.1
Project("{FAE04EC0-301F-11D3-BF4B-00C04F79EFBC}") = "FromSoft Mod Language Patcher", "FromSoft Mod Language Patcher\FromSoft Mod Language Patcher.csproj", "{A34FCC86-1E37-4F3B-911F-B60581ECDFF9}"
EndProject
Project("{9A19103F-16F7-4668-BE54-9A1E7A4F7556}") = "SoulsFormats", "..\SoulsFormats\SoulsFormats\SoulsFormats.csproj", "{286E205B-0DD6-43BD-A8DF-1AF35BFC7288}"
EndProject
Global
	GlobalSection(SolutionConfigurationPlatforms) = preSolution
		Debug|Any CPU = Debug|Any CPU
		Release|Any CPU = Release|Any CPU
	EndGlobalSection
	GlobalSection(ProjectConfigurationPlatforms) = postSolution
		{A34FCC86-1E37-4F3B-911F-B60581ECDFF9}.Debug|Any CPU.ActiveCfg = Debug|Any CPU
		{A34FCC86-1E37-4F3B-911F-B60581ECDFF9}.Debug|Any CPU.Build.0 = Debug|Any CPU
		{A34FCC86-1E37-4F3B-911F-B60581ECDFF9}.Release|Any CPU.ActiveCfg = Release|Any CPU
		{A34FCC86-1E37-4F3B-911F-B60581ECDFF9}.Release|Any CPU.Build.0 = Release|Any CPU
		{286E205B-0DD6-43BD-A8DF-1AF35BFC7288}.Debug|Any CPU.ActiveCfg = Debug|Any CPU
		{286E205B-0DD6-43BD-A8DF-1AF35BFC7288}.Debug|Any CPU.Build.0 = Debug|Any CPU
		{286E205B-0DD6-43BD-A8DF-1AF35BFC7288}.Release|Any CPU.ActiveCfg = Release|Any CPU
		{286E205B-0DD6-43BD-A8DF-1AF35BFC7288}.Release|Any CPU.Build.0 = Release|Any CPU
	EndGlobalSection
	GlobalSection(SolutionProperties) = preSolution
		HideSolutionNode = FALSE
	EndGlobalSection
	GlobalSection(ExtensibilityGlobals) = postSolution
		SolutionGuid = {80385A05-7DE0-4E93-B18E-4DD50B60BBB9}
	EndGlobalSection
EndGlobal
